
Microsoft Visual Studio Solution File, Format Version 12.00
# Visual Studio Version 17
VisualStudioVersion = 17.11.35208.52
MinimumVisualStudioVersion = 10.0.40219.1
Project("{FAE04EC0-301F-11D3-BF4B-00C04F79EFBC}") = "BaiTap01", "BaiTap01.csproj", "{1836313A-6989-4AF8-9255-CCA8BD6F92B4}"
EndProject
Global
	GlobalSection(SolutionConfigurationPlatforms) = preSolution
		Debug|Any CPU = Debug|Any CPU
		Release|Any CPU = Release|Any CPU
	EndGlobalSection
	GlobalSection(ProjectConfigurationPlatforms) = postSolution
		{1836313A-6989-4AF8-9255-CCA8BD6F92B4}.Debug|Any CPU.ActiveCfg = Debug|Any CPU
		{1836313A-6989-4AF8-9255-CCA8BD6F92B4}.Debug|Any CPU.Build.0 = Debug|Any CPU
		{1836313A-6989-4AF8-9255-CCA8BD6F92B4}.Release|Any CPU.ActiveCfg = Release|Any CPU
		{1836313A-6989-4AF8-9255-CCA8BD6F92B4}.Release|Any CPU.Build.0 = Release|Any CPU
	EndGlobalSection
	GlobalSection(SolutionProperties) = preSolution
		HideSolutionNode = FALSE
	EndGlobalSection
	GlobalSection(ExtensibilityGlobals) = postSolution
		SolutionGuid = {BC5105D6-9241-468E-895A-5BDE49EA4AE0}
	EndGlobalSection
EndGlobal
