
Microsoft Visual Studio Solution File, Format Version 12.00
# Visual Studio Version 17
VisualStudioVersion = 17.11.35222.181
MinimumVisualStudioVersion = 10.0.40219.1
Project("{FAE04EC0-301F-11D3-BF4B-00C04F79EFBC}") = "BTVN03", "BTVN03.csproj", "{32666831-8307-40B9-95AD-93EF20F94F4A}"
EndProject
Global
	GlobalSection(SolutionConfigurationPlatforms) = preSolution
		Debug|Any CPU = Debug|Any CPU
		Release|Any CPU = Release|Any CPU
	EndGlobalSection
	GlobalSection(ProjectConfigurationPlatforms) = postSolution
		{32666831-8307-40B9-95AD-93EF20F94F4A}.Debug|Any CPU.ActiveCfg = Debug|Any CPU
		{32666831-8307-40B9-95AD-93EF20F94F4A}.Debug|Any CPU.Build.0 = Debug|Any CPU
		{32666831-8307-40B9-95AD-93EF20F94F4A}.Release|Any CPU.ActiveCfg = Release|Any CPU
		{32666831-8307-40B9-95AD-93EF20F94F4A}.Release|Any CPU.Build.0 = Release|Any CPU
	EndGlobalSection
	GlobalSection(SolutionProperties) = preSolution
		HideSolutionNode = FALSE
	EndGlobalSection
	GlobalSection(ExtensibilityGlobals) = postSolution
		SolutionGuid = {E61CCB17-12E0-4F53-B8C0-3B48753670DA}
	EndGlobalSection
EndGlobal
