
Microsoft Visual Studio Solution File, Format Version 12.00
# Visual Studio Version 17
VisualStudioVersion = 17.11.35222.181
MinimumVisualStudioVersion = 10.0.40219.1
Project("{FAE04EC0-301F-11D3-BF4B-00C04F79EFBC}") = "BaiTapKiemTra01", "BaiTapKiemTra01.csproj", "{08B04905-5793-4125-A97B-4D6F4BF7FBB5}"
EndProject
Project("{2150E333-8FDC-42A3-9474-1A3956D46DE8}") = "Solution Items", "Solution Items", "{29ED2A29-7EC5-4E33-B6B7-219838967965}"
	ProjectSection(SolutionItems) = preProject
		.gitignore = .gitignore
	EndProjectSection
EndProject
Global
	GlobalSection(SolutionConfigurationPlatforms) = preSolution
		Debug|Any CPU = Debug|Any CPU
		Release|Any CPU = Release|Any CPU
	EndGlobalSection
	GlobalSection(ProjectConfigurationPlatforms) = postSolution
		{08B04905-5793-4125-A97B-4D6F4BF7FBB5}.Debug|Any CPU.ActiveCfg = Debug|Any CPU
		{08B04905-5793-4125-A97B-4D6F4BF7FBB5}.Debug|Any CPU.Build.0 = Debug|Any CPU
		{08B04905-5793-4125-A97B-4D6F4BF7FBB5}.Release|Any CPU.ActiveCfg = Release|Any CPU
		{08B04905-5793-4125-A97B-4D6F4BF7FBB5}.Release|Any CPU.Build.0 = Release|Any CPU
	EndGlobalSection
	GlobalSection(SolutionProperties) = preSolution
		HideSolutionNode = FALSE
	EndGlobalSection
	GlobalSection(ExtensibilityGlobals) = postSolution
		SolutionGuid = {BBA119F3-A5AF-4890-8E55-41BEB46A47DE}
	EndGlobalSection
EndGlobal
