
Microsoft Visual Studio Solution File, Format Version 12.00
# Visual Studio Version 17
VisualStudioVersion = 17.11.35312.102
MinimumVisualStudioVersion = 10.0.40219.1
Project("{FAE04EC0-301F-11D3-BF4B-00C04F79EFBC}") = "projectA", "projectA.csproj", "{AAB29E19-EC62-4BA3-8DA4-541A3FD8CFEF}"
EndProject
Global
	GlobalSection(SolutionConfigurationPlatforms) = preSolution
		Debug|Any CPU = Debug|Any CPU
		Release|Any CPU = Release|Any CPU
	EndGlobalSection
	GlobalSection(ProjectConfigurationPlatforms) = postSolution
		{AAB29E19-EC62-4BA3-8DA4-541A3FD8CFEF}.Debug|Any CPU.ActiveCfg = Debug|Any CPU
		{AAB29E19-EC62-4BA3-8DA4-541A3FD8CFEF}.Debug|Any CPU.Build.0 = Debug|Any CPU
		{AAB29E19-EC62-4BA3-8DA4-541A3FD8CFEF}.Release|Any CPU.ActiveCfg = Release|Any CPU
		{AAB29E19-EC62-4BA3-8DA4-541A3FD8CFEF}.Release|Any CPU.Build.0 = Release|Any CPU
	EndGlobalSection
	GlobalSection(SolutionProperties) = preSolution
		HideSolutionNode = FALSE
	EndGlobalSection
	GlobalSection(ExtensibilityGlobals) = postSolution
		SolutionGuid = {21D91C22-F6F0-4060-A0B2-7360C96B1565}
	EndGlobalSection
EndGlobal
